
Microsoft Visual Studio Solution File, Format Version 12.00
# Visual Studio Version 16
VisualStudioVersion = 16.0.31829.152
MinimumVisualStudioVersion = 10.0.40219.1
Project("{FAE04EC0-301F-11D3-BF4B-00C04F79EFBC}") = "SomeAlgorithms", "SomeAlgorithms\SomeAlgorithms.csproj", "{4C735658-85E5-4D79-A400-7DFD2D420E79}"
EndProject
Global
	GlobalSection(SolutionConfigurationPlatforms) = preSolution
		Debug|Any CPU = Debug|Any CPU
		Release|Any CPU = Release|Any CPU
	EndGlobalSection
	GlobalSection(ProjectConfigurationPlatforms) = postSolution
		{4C735658-85E5-4D79-A400-7DFD2D420E79}.Debug|Any CPU.ActiveCfg = Debug|Any CPU
		{4C735658-85E5-4D79-A400-7DFD2D420E79}.Debug|Any CPU.Build.0 = Debug|Any CPU
		{4C735658-85E5-4D79-A400-7DFD2D420E79}.Release|Any CPU.ActiveCfg = Release|Any CPU
		{4C735658-85E5-4D79-A400-7DFD2D420E79}.Release|Any CPU.Build.0 = Release|Any CPU
	EndGlobalSection
	GlobalSection(SolutionProperties) = preSolution
		HideSolutionNode = FALSE
	EndGlobalSection
	GlobalSection(ExtensibilityGlobals) = postSolution
		SolutionGuid = {D7BBD495-FFAD-465C-84B1-938837C31640}
	EndGlobalSection
EndGlobal
